
Microsoft Visual Studio Solution File, Format Version 12.00
# Visual Studio Version 17
VisualStudioVersion = 17.13.35931.197 d17.13
MinimumVisualStudioVersion = 10.0.40219.1
Project("{FAE04EC0-301F-11D3-BF4B-00C04F79EFBC}") = "cadastro1", "cadastro1.csproj", "{9C51E2B2-06E9-435E-A77D-483CFFF937E5}"
EndProject
Global
	GlobalSection(SolutionConfigurationPlatforms) = preSolution
		Debug|Any CPU = Debug|Any CPU
		Release|Any CPU = Release|Any CPU
	EndGlobalSection
	GlobalSection(ProjectConfigurationPlatforms) = postSolution
		{9C51E2B2-06E9-435E-A77D-483CFFF937E5}.Debug|Any CPU.ActiveCfg = Debug|Any CPU
		{9C51E2B2-06E9-435E-A77D-483CFFF937E5}.Debug|Any CPU.Build.0 = Debug|Any CPU
		{9C51E2B2-06E9-435E-A77D-483CFFF937E5}.Release|Any CPU.ActiveCfg = Release|Any CPU
		{9C51E2B2-06E9-435E-A77D-483CFFF937E5}.Release|Any CPU.Build.0 = Release|Any CPU
	EndGlobalSection
	GlobalSection(SolutionProperties) = preSolution
		HideSolutionNode = FALSE
	EndGlobalSection
	GlobalSection(ExtensibilityGlobals) = postSolution
		SolutionGuid = {2E6B2583-C532-4077-B48F-CE40D9A11449}
	EndGlobalSection
EndGlobal
